// !$*UTF8*$!
{
	archiveVersion = 1;
	classes = {
	};
	objectVersion = 50;
	objects = {

/* Begin PBXBuildFile section */
		81D3AE9A2428192900D2F73E /* AppDelegate.swift in Sources */ = {isa = PBXBuildFile; fileRef = 81D3AE992428192900D2F73E /* AppDelegate.swift */; };
		81D3AE9C2428192900D2F73E /* SceneDelegate.swift in Sources */ = {isa = PBXBuildFile; fileRef = 81D3AE9B2428192900D2F73E /* SceneDelegate.swift */; };
		81D3AE9E2428192900D2F73E /* ViewController.swift in Sources */ = {isa = PBXBuildFile; fileRef = 81D3AE9D2428192900D2F73E /* ViewController.swift */; };
		81D3AEA12428192900D2F73E /* Main.storyboard in Resources */ = {isa = PBXBuildFile; fileRef = 81D3AE9F2428192900D2F73E /* Main.storyboard */; };
		81D3AEA32428192B00D2F73E /* Assets.xcassets in Resources */ = {isa = PBXBuildFile; fileRef = 81D3AEA22428192B00D2F73E /* Assets.xcassets */; };
		81D3AEA62428192B00D2F73E /* LaunchScreen.storyboard in Resources */ = {isa = PBXBuildFile; fileRef = 81D3AEA42428192B00D2F73E /* LaunchScreen.storyboard */; };
		81D3AEAE2428197800D2F73E /* test.aif in Resources */ = {isa = PBXBuildFile; fileRef = 81D3AEAD2428197800D2F73E /* test.aif */; };
/* End PBXBuildFile section */

/* Begin PBXFileReference section */
		81D3AE962428192900D2F73E /* BackgroundSoundTest.app */ = {isa = PBXFileReference; explicitFileType = wrapper.application; includeInIndex = 0; path = BackgroundSoundTest.app; sourceTree = BUILT_PRODUCTS_DIR; };
		81D3AE992428192900D2F73E /* AppDelegate.swift */ = {isa = PBXFileReference; lastKnownFileType = sourcecode.swift; path = AppDelegate.swift; sourceTree = "<group>"; };
		81D3AE9B2428192900D2F73E /* SceneDelegate.swift */ = {isa = PBXFileReference; lastKnownFileType = sourcecode.swift; path = SceneDelegate.swift; sourceTree = "<group>"; };
		81D3AE9D2428192900D2F73E /* ViewController.swift */ = {isa = PBXFileReference; lastKnownFileType = sourcecode.swift; path = ViewController.swift; sourceTree = "<group>"; };
		81D3AEA02428192900D2F73E /* Base */ = {isa = PBXFileReference; lastKnownFileType = file.storyboard; name = Base; path = Base.lproj/Main.storyboard; sourceTree = "<group>"; };
		81D3AEA22428192B00D2F73E /* Assets.xcassets */ = {isa = PBXFileReference; lastKnownFileType = folder.assetcatalog; path = Assets.xcassets; sourceTree = "<group>"; };
		81D3AEA52428192B00D2F73E /* Base */ = {isa = PBXFileReference; lastKnownFileType = file.storyboard; name = Base; path = Base.lproj/LaunchScreen.storyboard; sourceTree = "<group>"; };
		81D3AEA72428192B00D2F73E /* Info.plist */ = {isa = PBXFileReference; lastKnownFileType = text.plist.xml; path = Info.plist; sourceTree = "<group>"; };
		81D3AEAD2428197800D2F73E /* test.aif */ = {isa = PBXFileReference; lastKnownFileType = file; path = test.aif; sourceTree = "<group>"; };
/* End PBXFileReference section */

/* Begin PBXFrameworksBuildPhase section */
		81D3AE932428192900D2F73E /* Frameworks */ = {
			isa = PBXFrameworksBuildPhase;
			buildActionMask = 2147483647;
			files = (
			);
			runOnlyForDeploymentPostprocessing = 0;
		};
/* End PBXFrameworksBuildPhase section */

/* Begin PBXGroup section */
		81D3AE8D2428192900D2F73E = {
			isa = PBXGroup;
			children = (
				81D3AE982428192900D2F73E /* BackgroundSoundTest */,
				81D3AE972428192900D2F73E /* Products */,
			);
			sourceTree = "<group>";
		};
		81D3AE972428192900D2F73E /* Products */ = {
			isa = PBXGroup;
			children = (
				81D3AE962428192900D2F73E /* BackgroundSoundTest.app */,
			);
			name = Products;
			sourceTree = "<group>";
		};
		81D3AE982428192900D2F73E /* BackgroundSoundTest */ = {
			isa = PBXGroup;
			children = (
				81D3AE992428192900D2F73E /* AppDelegate.swift */,
				81D3AE9B2428192900D2F73E /* SceneDelegate.swift */,
				81D3AE9D2428192900D2F73E /* ViewController.swift */,
				81D3AEAD2428197800D2F73E /* test.aif */,
				81D3AE9F2428192900D2F73E /* Main.storyboard */,
				81D3AEA22428192B00D2F73E /* Assets.xcassets */,
				81D3AEA42428192B00D2F73E /* LaunchScreen.storyboard */,
				81D3AEA72428192B00D2F73E /* Info.plist */,
			);
			path = BackgroundSoundTest;
			sourceTree = "<group>";
		};
/* End PBXGroup section */

/* Begin PBXNativeTarget section */
		81D3AE952428192900D2F73E /* BackgroundSoundTest */ = {
			isa = PBXNativeTarget;
			buildConfigurationList = 81D3AEAA2428192B00D2F73E /* Build configuration list for PBXNativeTarget "BackgroundSoundTest" */;
			buildPhases = (
				81D3AE922428192900D2F73E /* Sources */,
				81D3AE932428192900D2F73E /* Frameworks */,
				81D3AE942428192900D2F73E /* Resources */,
			);
			buildRules = (
			);
			dependencies = (
			);
			name = BackgroundSoundTest;
			productName = BackgroundSoundTest;
			productReference = 81D3AE962428192900D2F73E /* BackgroundSoundTest.app */;
			productType = "com.apple.product-type.application";
		};
/* End PBXNativeTarget section */

/* Begin PBXProject section */
		81D3AE8E2428192900D2F73E /* Project object */ = {
			isa = PBXProject;
			attributes = {
				LastSwiftUpdateCheck = 1140;
				LastUpgradeCheck = 1140;
				ORGANIZATIONNAME = "Matt Neuburg";
				TargetAttributes = {
					81D3AE952428192900D2F73E = {
						CreatedOnToolsVersion = 11.4;
					};
				};
			};
			buildConfigurationList = 81D3AE912428192900D2F73E /* Build configuration list for PBXProject "BackgroundSoundTest" */;
			compatibilityVersion = "Xcode 9.3";
			developmentRegion = en;
			hasScannedForEncodings = 0;
			knownRegions = (
				en,
				Base,
			);
			mainGroup = 81D3AE8D2428192900D2F73E;
			productRefGroup = 81D3AE972428192900D2F73E /* Products */;
			projectDirPath = "";
			projectRoot = "";
			targets = (
				81D3AE952428192900D2F73E /* BackgroundSoundTest */,
			);
		};
/* End PBXProject section */

/* Begin PBXResourcesBuildPhase section */
		81D3AE942428192900D2F73E /* Resources */ = {
			isa = PBXResourcesBuildPhase;
			buildActionMask = 2147483647;
			files = (
				81D3AEA62428192B00D2F73E /* LaunchScreen.storyboard in Resources */,
				81D3AEA32428192B00D2F73E /* Assets.xcassets in Resources */,
				81D3AEAE2428197800D2F73E /* test.aif in Resources */,
				81D3AEA12428192900D2F73E /* Main.storyboard in Resources */,
			);
			runOnlyForDeploymentPostprocessing = 0;
		};
/* End PBXResourcesBuildPhase section */

/* Begin PBXSourcesBuildPhase section */
		81D3AE922428192900D2F73E /* Sources */ = {
			isa = PBXSourcesBuildPhase;
			buildActionMask = 2147483647;
			files = (
				81D3AE9E2428192900D2F73E /* ViewController.swift in Sources */,
				81D3AE9A2428192900D2F73E /* AppDelegate.swift in Sources */,
				81D3AE9C2428192900D2F73E /* SceneDelegate.swift in Sources */,
			);
			runOnlyForDeploymentPostprocessing = 0;
		};
/* End PBXSourcesBuildPhase section */

/* Begin PBXVariantGroup section */
		81D3AE9F2428192900D2F73E /* Main.storyboard */ = {
			isa = PBXVariantGroup;
			children = (
				81D3AEA02428192900D2F73E /* Base */,
			);
			name = Main.storyboard;
			sourceTree = "<group>";
		};
		81D3AEA42428192B00D2F73E /* LaunchScreen.storyboard */ = {
			isa = PBXVariantGroup;
			children = (
				81D3AEA52428192B00D2F73E /* Base */,
			);
			name = LaunchScreen.storyboard;
			sourceTree = "<group>";
		};
/* End PBXVariantGroup section */

/* Begin XCBuildConfiguration section */
		81D3AEA82428192B00D2F73E /* Debug */ = {
			isa = XCBuildConfiguration;
			buildSettings = {
				ALWAYS_SEARCH_USER_PATHS = NO;
				CLANG_ANALYZER_NONNULL = YES;
				CLANG_ANALYZER_NUMBER_OBJECT_CONVERSION = YES_AGGRESSIVE;
				CLANG_CXX_LANGUAGE_STANDARD = "gnu++14";
				CLANG_CXX_LIBRARY = "libc++";
				CLANG_ENABLE_MODULES = YES;
				CLANG_ENABLE_OBJC_ARC = YES;
				CLANG_ENABLE_OBJC_WEAK = YES;
				CLANG_WARN_BLOCK_CAPTURE_AUTORELEASING = YES;
				CLANG_WARN_BOOL_CONVERSION = YES;
				CLANG_WARN_COMMA = YES;
				CLANG_WARN_CONSTANT_CONVERSION = YES;
				CLANG_WARN_DEPRECATED_OBJC_IMPLEMENTATIONS = YES;
				CLANG_WARN_DIRECT_OBJC_ISA_USAGE = YES_ERROR;
				CLANG_WARN_DOCUMENTATION_COMMENTS = YES;
				CLANG_WARN_EMPTY_BODY = YES;
				CLANG_WARN_ENUM_CONVERSION = YES;
				CLANG_WARN_INFINITE_RECURSION = YES;
				CLANG_WARN_INT_CONVERSION = YES;
				CLANG_WARN_NON_LITERAL_NULL_CONVERSION = YES;
				CLANG_WARN_OBJC_IMPLICIT_RETAIN_SELF = YES;
				CLANG_WARN_OBJC_LITERAL_CONVERSION = YES;
				CLANG_WARN_OBJC_ROOT_CLASS = YES_ERROR;
				CLANG_WARN_RANGE_LOOP_ANALYSIS = YES;
				CLANG_WARN_STRICT_PROTOTYPES = YES;
				CLANG_WARN_SUSPICIOUS_MOVE = YES;
				CLANG_WARN_UNGUARDED_AVAILABILITY = YES_AGGRESSIVE;
				CLANG_WARN_UNREACHABLE_CODE = YES;
				CLANG_WARN__DUPLICATE_METHOD_MATCH = YES;
				COPY_PHASE_STRIP = NO;
				DEBUG_INFORMATION_FORMAT = dwarf;
				ENABLE_STRICT_OBJC_MSGSEND = YES;
				ENABLE_TESTABILITY = YES;
				GCC_C_LANGUAGE_STANDARD = gnu11;
				GCC_DYNAMIC_NO_PIC = NO;
				GCC_NO_COMMON_BLOCKS = YES;
				GCC_OPTIMIZATION_LEVEL = 0;
				GCC_PREPROCESSOR_DEFINITIONS = (
					"DEBUG=1",
					"$(inherited)",
				);
				GCC_WARN_64_TO_32_BIT_CONVERSION = YES;
				GCC_WARN_ABOUT_RETURN_TYPE = YES_ERROR;
				GCC_WARN_UNDECLARED_SELECTOR = YES;
				GCC_WARN_UNINITIALIZED_AUTOS = YES_AGGRESSIVE;
				GCC_WARN_UNUSED_FUNCTION = YES;
				GCC_WARN_UNUSED_VARIABLE = YES;
				IPHONEOS_DEPLOYMENT_TARGET = 13.4;
				MTL_ENABLE_DEBUG_INFO = INCLUDE_SOURCE;
				MTL_FAST_MATH = YES;
				ONLY_ACTIVE_ARCH = YES;
				SDKROOT = iphoneos;
				SWIFT_ACTIVE_COMPILATION_CONDITIONS = DEBUG;
				SWIFT_OPTIMIZATION_LEVEL = "-Onone";
			};
			name = Debug;
		};
		81D3AEA92428192B00D2F73E /* Release */ = {
			isa = XCBuildConfiguration;
			buildSettings = {
				ALWAYS_SEARCH_USER_PATHS = NO;
				CLANG_ANALYZER_NONNULL = YES;
				CLANG_ANALYZER_NUMBER_OBJECT_CONVERSION = YES_AGGRESSIVE;
				CLANG_CXX_LANGUAGE_STANDARD = "gnu++14";
				CLANG_CXX_LIBRARY = "libc++";
				CLANG_ENABLE_MODULES = YES;
				CLANG_ENABLE_OBJC_ARC = YES;
				CLANG_ENABLE_OBJC_WEAK = YES;
				CLANG_WARN_BLOCK_CAPTURE_AUTORELEASING = YES;
				CLANG_WARN_BOOL_CONVERSION = YES;
				CLANG_WARN_COMMA = YES;
				CLANG_WARN_CONSTANT_CONVERSION = YES;
				CLANG_WARN_DEPRECATED_OBJC_IMPLEMENTATIONS = YES;
				CLANG_WARN_DIRECT_OBJC_ISA_USAGE = YES_ERROR;
				CLANG_WARN_DOCUMENTATION_COMMENTS = YES;
				CLANG_WARN_EMPTY_BODY = YES;
				CLANG_WARN_ENUM_CONVERSION = YES;
				CLANG_WARN_INFINITE_RECURSION = YES;
				CLANG_WARN_INT_CONVERSION = YES;
				CLANG_WARN_NON_LITERAL_NULL_CONVERSION = YES;
				CLANG_WARN_OBJC_IMPLICIT_RETAIN_SELF = YES;
				CLANG_WARN_OBJC_LITERAL_CONVERSION = YES;
				CLANG_WARN_OBJC_ROOT_CLASS = YES_ERROR;
				CLANG_WARN_RANGE_LOOP_ANALYSIS = YES;
				CLANG_WARN_STRICT_PROTOTYPES = YES;
				CLANG_WARN_SUSPICIOUS_MOVE = YES;
				CLANG_WARN_UNGUARDED_AVAILABILITY = YES_AGGRESSIVE;
				CLANG_WARN_UNREACHABLE_CODE = YES;
				CLANG_WARN__DUPLICATE_METHOD_MATCH = YES;
				COPY_PHASE_STRIP = NO;
				DEBUG_INFORMATION_FORMAT = "dwarf-with-dsym";
				ENABLE_NS_ASSERTIONS = NO;
				ENABLE_STRICT_OBJC_MSGSEND = YES;
				GCC_C_LANGUAGE_STANDARD = gnu11;
				GCC_NO_COMMON_BLOCKS = YES;
				GCC_WARN_64_TO_32_BIT_CONVERSION = YES;
				GCC_WARN_ABOUT_RETURN_TYPE = YES_ERROR;
				GCC_WARN_UNDECLARED_SELECTOR = YES;
				GCC_WARN_UNINITIALIZED_AUTOS = YES_AGGRESSIVE;
				GCC_WARN_UNUSED_FUNCTION = YES;
				GCC_WARN_UNUSED_VARIABLE = YES;
				IPHONEOS_DEPLOYMENT_TARGET = 13.4;
				MTL_ENABLE_DEBUG_INFO = NO;
				MTL_FAST_MATH = YES;
				SDKROOT = iphoneos;
				SWIFT_COMPILATION_MODE = wholemodule;
				SWIFT_OPTIMIZATION_LEVEL = "-O";
				VALIDATE_PRODUCT = YES;
			};
			name = Release;
		};
		81D3AEAB2428192B00D2F73E /* Debug */ = {
			isa = XCBuildConfiguration;
			buildSettings = {
				ASSETCATALOG_COMPILER_APPICON_NAME = AppIcon;
				CODE_SIGN_STYLE = Automatic;
				DEVELOPMENT_TEAM = W3LHX5RGV2;
				INFOPLIST_FILE = BackgroundSoundTest/Info.plist;
				LD_RUNPATH_SEARCH_PATHS = (
					"$(inherited)",
					"@executable_path/Frameworks",
				);
				PRODUCT_BUNDLE_IDENTIFIER = com.neuburg.matt.BackgroundSoundTest;
				PRODUCT_NAME = "$(TARGET_NAME)";
				SWIFT_VERSION = 5.0;
				TARGETED_DEVICE_FAMILY = "1,2";
			};
			name = Debug;
		};
		81D3AEAC2428192B00D2F73E /* Release */ = {
			isa = XCBuildConfiguration;
			buildSettings = {
				ASSETCATALOG_COMPILER_APPICON_NAME = AppIcon;
				CODE_SIGN_STYLE = Automatic;
				DEVELOPMENT_TEAM = W3LHX5RGV2;
				INFOPLIST_FILE = BackgroundSoundTest/Info.plist;
				LD_RUNPATH_SEARCH_PATHS = (
					"$(inherited)",
					"@executable_path/Frameworks",
				);
				PRODUCT_BUNDLE_IDENTIFIER = com.neuburg.matt.BackgroundSoundTest;
				PRODUCT_NAME = "$(TARGET_NAME)";
				SWIFT_VERSION = 5.0;
				TARGETED_DEVICE_FAMILY = "1,2";
			};
			name = Release;
		};
/* End XCBuildConfiguration section */

/* Begin XCConfigurationList section */
		81D3AE912428192900D2F73E /* Build configuration list for PBXProject "BackgroundSoundTest" */ = {
			isa = XCConfigurationList;
			buildConfigurations = (
				81D3AEA82428192B00D2F73E /* Debug */,
				81D3AEA92428192B00D2F73E /* Release */,
			);
			defaultConfigurationIsVisible = 0;
			defaultConfigurationName = Release;
		};
		81D3AEAA2428192B00D2F73E /* Build configuration list for PBXNativeTarget "BackgroundSoundTest" */ = {
			isa = XCConfigurationList;
			buildConfigurations = (
				81D3AEAB2428192B00D2F73E /* Debug */,
				81D3AEAC2428192B00D2F73E /* Release */,
			);
			defaultConfigurationIsVisible = 0;
			defaultConfigurationName = Release;
		};
/* End XCConfigurationList section */
	};
	rootObject = 81D3AE8E2428192900D2F73E /* Project object */;
}
